
Microsoft Visual Studio Solution File, Format Version 12.00
# Visual Studio Version 17
VisualStudioVersion = 17.12.35527.113 d17.12
MinimumVisualStudioVersion = 10.0.40219.1
Project("{FAE04EC0-301F-11D3-BF4B-00C04F79EFBC}") = "GUI_CuaHangBanh", "GUI_CuaHangBanh.csproj", "{D1D0E603-361F-4FA7-99B7-2EAA4094E814}"
EndProject
Project("{FAE04EC0-301F-11D3-BF4B-00C04F79EFBC}") = "BLL_CuaHangBanh", "..\BLL_CuaHangBanh\BLL_CuaHangBanh.csproj", "{F8647049-DDDF-43FD-A04A-D4369984E3C7}"
EndProject
Project("{FAE04EC0-301F-11D3-BF4B-00C04F79EFBC}") = "DTO_CuaHangBanh", "..\DTO_CuaHangBanh\DTO_CuaHangBanh.csproj", "{D0C41D71-7DFC-400A-8DA0-1308930C163A}"
EndProject
Project("{FAE04EC0-301F-11D3-BF4B-00C04F79EFBC}") = "DAL_CuaHangBanh", "..\DAL_CuaHangBanh\DAL_CuaHangBanh.csproj", "{DDAF9F4A-CF54-4DD2-8F86-55B8110426EC}"
EndProject
Project("{FAE04EC0-301F-11D3-BF4B-00C04F79EFBC}") = "UTIL_CuaHangBanh", "..\UTIL_CuaHangBanh\UTIL_CuaHangBanh.csproj", "{502E9CC9-1FCD-4BAB-8F56-12222C8F969D}"
EndProject
Global
	GlobalSection(SolutionConfigurationPlatforms) = preSolution
		Debug|Any CPU = Debug|Any CPU
		Release|Any CPU = Release|Any CPU
	EndGlobalSection
	GlobalSection(ProjectConfigurationPlatforms) = postSolution
		{D1D0E603-361F-4FA7-99B7-2EAA4094E814}.Debug|Any CPU.ActiveCfg = Debug|Any CPU
		{D1D0E603-361F-4FA7-99B7-2EAA4094E814}.Debug|Any CPU.Build.0 = Debug|Any CPU
		{D1D0E603-361F-4FA7-99B7-2EAA4094E814}.Release|Any CPU.ActiveCfg = Release|Any CPU
		{D1D0E603-361F-4FA7-99B7-2EAA4094E814}.Release|Any CPU.Build.0 = Release|Any CPU
		{F8647049-DDDF-43FD-A04A-D4369984E3C7}.Debug|Any CPU.ActiveCfg = Debug|Any CPU
		{F8647049-DDDF-43FD-A04A-D4369984E3C7}.Debug|Any CPU.Build.0 = Debug|Any CPU
		{F8647049-DDDF-43FD-A04A-D4369984E3C7}.Release|Any CPU.ActiveCfg = Release|Any CPU
		{F8647049-DDDF-43FD-A04A-D4369984E3C7}.Release|Any CPU.Build.0 = Release|Any CPU
		{D0C41D71-7DFC-400A-8DA0-1308930C163A}.Debug|Any CPU.ActiveCfg = Debug|Any CPU
		{D0C41D71-7DFC-400A-8DA0-1308930C163A}.Debug|Any CPU.Build.0 = Debug|Any CPU
		{D0C41D71-7DFC-400A-8DA0-1308930C163A}.Release|Any CPU.ActiveCfg = Release|Any CPU
		{D0C41D71-7DFC-400A-8DA0-1308930C163A}.Release|Any CPU.Build.0 = Release|Any CPU
		{DDAF9F4A-CF54-4DD2-8F86-55B8110426EC}.Debug|Any CPU.ActiveCfg = Debug|Any CPU
		{DDAF9F4A-CF54-4DD2-8F86-55B8110426EC}.Debug|Any CPU.Build.0 = Debug|Any CPU
		{DDAF9F4A-CF54-4DD2-8F86-55B8110426EC}.Release|Any CPU.ActiveCfg = Release|Any CPU
		{DDAF9F4A-CF54-4DD2-8F86-55B8110426EC}.Release|Any CPU.Build.0 = Release|Any CPU
		{502E9CC9-1FCD-4BAB-8F56-12222C8F969D}.Debug|Any CPU.ActiveCfg = Debug|Any CPU
		{502E9CC9-1FCD-4BAB-8F56-12222C8F969D}.Debug|Any CPU.Build.0 = Debug|Any CPU
		{502E9CC9-1FCD-4BAB-8F56-12222C8F969D}.Release|Any CPU.ActiveCfg = Release|Any CPU
		{502E9CC9-1FCD-4BAB-8F56-12222C8F969D}.Release|Any CPU.Build.0 = Release|Any CPU
	EndGlobalSection
	GlobalSection(SolutionProperties) = preSolution
		HideSolutionNode = FALSE
	EndGlobalSection
EndGlobal
